// !$*UTF8*$!
{
	archiveVersion = 1;
	classes = {
	};
	objectVersion = 50;
	objects = {

/* Begin PBXBuildFile section */
		886DD83E256795670025559B /* AppDelegate.swift in Sources */ = {isa = PBXBuildFile; fileRef = 886DD83D256795670025559B /* AppDelegate.swift */; };
		886DD840256795670025559B /* SceneDelegate.swift in Sources */ = {isa = PBXBuildFile; fileRef = 886DD83F256795670025559B /* SceneDelegate.swift */; };
		886DD842256795670025559B /* ViewController.swift in Sources */ = {isa = PBXBuildFile; fileRef = 886DD841256795670025559B /* ViewController.swift */; };
		886DD845256795670025559B /* Main.storyboard in Resources */ = {isa = PBXBuildFile; fileRef = 886DD843256795670025559B /* Main.storyboard */; };
		886DD8472567956C0025559B /* Assets.xcassets in Resources */ = {isa = PBXBuildFile; fileRef = 886DD8462567956C0025559B /* Assets.xcassets */; };
		886DD84A2567956C0025559B /* LaunchScreen.storyboard in Resources */ = {isa = PBXBuildFile; fileRef = 886DD8482567956C0025559B /* LaunchScreen.storyboard */; };
/* End PBXBuildFile section */

/* Begin PBXFileReference section */
		886DD83A256795670025559B /* LayoutSubviews vc layoutIfNeeded.app */ = {isa = PBXFileReference; explicitFileType = wrapper.application; includeInIndex = 0; path = "LayoutSubviews vc layoutIfNeeded.app"; sourceTree = BUILT_PRODUCTS_DIR; };
		886DD83D256795670025559B /* AppDelegate.swift */ = {isa = PBXFileReference; lastKnownFileType = sourcecode.swift; path = AppDelegate.swift; sourceTree = "<group>"; };
		886DD83F256795670025559B /* SceneDelegate.swift */ = {isa = PBXFileReference; lastKnownFileType = sourcecode.swift; path = SceneDelegate.swift; sourceTree = "<group>"; };
		886DD841256795670025559B /* ViewController.swift */ = {isa = PBXFileReference; lastKnownFileType = sourcecode.swift; path = ViewController.swift; sourceTree = "<group>"; };
		886DD844256795670025559B /* Base */ = {isa = PBXFileReference; lastKnownFileType = file.storyboard; name = Base; path = Base.lproj/Main.storyboard; sourceTree = "<group>"; };
		886DD8462567956C0025559B /* Assets.xcassets */ = {isa = PBXFileReference; lastKnownFileType = folder.assetcatalog; path = Assets.xcassets; sourceTree = "<group>"; };
		886DD8492567956C0025559B /* Base */ = {isa = PBXFileReference; lastKnownFileType = file.storyboard; name = Base; path = Base.lproj/LaunchScreen.storyboard; sourceTree = "<group>"; };
		886DD84B2567956C0025559B /* Info.plist */ = {isa = PBXFileReference; lastKnownFileType = text.plist.xml; path = Info.plist; sourceTree = "<group>"; };
/* End PBXFileReference section */

/* Begin PBXFrameworksBuildPhase section */
		886DD837256795670025559B /* Frameworks */ = {
			isa = PBXFrameworksBuildPhase;
			buildActionMask = 2147483647;
			files = (
			);
			runOnlyForDeploymentPostprocessing = 0;
		};
/* End PBXFrameworksBuildPhase section */

/* Begin PBXGroup section */
		886DD831256795670025559B = {
			isa = PBXGroup;
			children = (
				886DD83C256795670025559B /* LayoutSubviews vc layoutIfNeeded */,
				886DD83B256795670025559B /* Products */,
			);
			sourceTree = "<group>";
		};
		886DD83B256795670025559B /* Products */ = {
			isa = PBXGroup;
			children = (
				886DD83A256795670025559B /* LayoutSubviews vc layoutIfNeeded.app */,
			);
			name = Products;
			sourceTree = "<group>";
		};
		886DD83C256795670025559B /* LayoutSubviews vc layoutIfNeeded */ = {
			isa = PBXGroup;
			children = (
				886DD83D256795670025559B /* AppDelegate.swift */,
				886DD83F256795670025559B /* SceneDelegate.swift */,
				886DD841256795670025559B /* ViewController.swift */,
				886DD843256795670025559B /* Main.storyboard */,
				886DD8462567956C0025559B /* Assets.xcassets */,
				886DD8482567956C0025559B /* LaunchScreen.storyboard */,
				886DD84B2567956C0025559B /* Info.plist */,
			);
			path = "LayoutSubviews vc layoutIfNeeded";
			sourceTree = "<group>";
		};
/* End PBXGroup section */

/* Begin PBXNativeTarget section */
		886DD839256795670025559B /* LayoutSubviews vc layoutIfNeeded */ = {
			isa = PBXNativeTarget;
			buildConfigurationList = 886DD84E2567956C0025559B /* Build configuration list for PBXNativeTarget "LayoutSubviews vc layoutIfNeeded" */;
			buildPhases = (
				886DD836256795670025559B /* Sources */,
				886DD837256795670025559B /* Frameworks */,
				886DD838256795670025559B /* Resources */,
			);
			buildRules = (
			);
			dependencies = (
			);
			name = "LayoutSubviews vc layoutIfNeeded";
			productName = "LayoutSubviews vc layoutIfNeeded";
			productReference = 886DD83A256795670025559B /* LayoutSubviews vc layoutIfNeeded.app */;
			productType = "com.apple.product-type.application";
		};
/* End PBXNativeTarget section */

/* Begin PBXProject section */
		886DD832256795670025559B /* Project object */ = {
			isa = PBXProject;
			attributes = {
				LastSwiftUpdateCheck = 1210;
				LastUpgradeCheck = 1210;
				TargetAttributes = {
					886DD839256795670025559B = {
						CreatedOnToolsVersion = 12.1;
					};
				};
			};
			buildConfigurationList = 886DD835256795670025559B /* Build configuration list for PBXProject "LayoutSubviews vc layoutIfNeeded" */;
			compatibilityVersion = "Xcode 9.3";
			developmentRegion = en;
			hasScannedForEncodings = 0;
			knownRegions = (
				en,
				Base,
			);
			mainGroup = 886DD831256795670025559B;
			productRefGroup = 886DD83B256795670025559B /* Products */;
			projectDirPath = "";
			projectRoot = "";
			targets = (
				886DD839256795670025559B /* LayoutSubviews vc layoutIfNeeded */,
			);
		};
/* End PBXProject section */

/* Begin PBXResourcesBuildPhase section */
		886DD838256795670025559B /* Resources */ = {
			isa = PBXResourcesBuildPhase;
			buildActionMask = 2147483647;
			files = (
				886DD84A2567956C0025559B /* LaunchScreen.storyboard in Resources */,
				886DD8472567956C0025559B /* Assets.xcassets in Resources */,
				886DD845256795670025559B /* Main.storyboard in Resources */,
			);
			runOnlyForDeploymentPostprocessing = 0;
		};
/* End PBXResourcesBuildPhase section */

/* Begin PBXSourcesBuildPhase section */
		886DD836256795670025559B /* Sources */ = {
			isa = PBXSourcesBuildPhase;
			buildActionMask = 2147483647;
			files = (
				886DD842256795670025559B /* ViewController.swift in Sources */,
				886DD83E256795670025559B /* AppDelegate.swift in Sources */,
				886DD840256795670025559B /* SceneDelegate.swift in Sources */,
			);
			runOnlyForDeploymentPostprocessing = 0;
		};
/* End PBXSourcesBuildPhase section */

/* Begin PBXVariantGroup section */
		886DD843256795670025559B /* Main.storyboard */ = {
			isa = PBXVariantGroup;
			children = (
				886DD844256795670025559B /* Base */,
			);
			name = Main.storyboard;
			sourceTree = "<group>";
		};
		886DD8482567956C0025559B /* LaunchScreen.storyboard */ = {
			isa = PBXVariantGroup;
			children = (
				886DD8492567956C0025559B /* Base */,
			);
			name = LaunchScreen.storyboard;
			sourceTree = "<group>";
		};
/* End PBXVariantGroup section */

/* Begin XCBuildConfiguration section */
		886DD84C2567956C0025559B /* Debug */ = {
			isa = XCBuildConfiguration;
			buildSettings = {
				ALWAYS_SEARCH_USER_PATHS = NO;
				CLANG_ANALYZER_NONNULL = YES;
				CLANG_ANALYZER_NUMBER_OBJECT_CONVERSION = YES_AGGRESSIVE;
				CLANG_CXX_LANGUAGE_STANDARD = "gnu++14";
				CLANG_CXX_LIBRARY = "libc++";
				CLANG_ENABLE_MODULES = YES;
				CLANG_ENABLE_OBJC_ARC = YES;
				CLANG_ENABLE_OBJC_WEAK = YES;
				CLANG_WARN_BLOCK_CAPTURE_AUTORELEASING = YES;
				CLANG_WARN_BOOL_CONVERSION = YES;
				CLANG_WARN_COMMA = YES;
				CLANG_WARN_CONSTANT_CONVERSION = YES;
				CLANG_WARN_DEPRECATED_OBJC_IMPLEMENTATIONS = YES;
				CLANG_WARN_DIRECT_OBJC_ISA_USAGE = YES_ERROR;
				CLANG_WARN_DOCUMENTATION_COMMENTS = YES;
				CLANG_WARN_EMPTY_BODY = YES;
				CLANG_WARN_ENUM_CONVERSION = YES;
				CLANG_WARN_INFINITE_RECURSION = YES;
				CLANG_WARN_INT_CONVERSION = YES;
				CLANG_WARN_NON_LITERAL_NULL_CONVERSION = YES;
				CLANG_WARN_OBJC_IMPLICIT_RETAIN_SELF = YES;
				CLANG_WARN_OBJC_LITERAL_CONVERSION = YES;
				CLANG_WARN_OBJC_ROOT_CLASS = YES_ERROR;
				CLANG_WARN_QUOTED_INCLUDE_IN_FRAMEWORK_HEADER = YES;
				CLANG_WARN_RANGE_LOOP_ANALYSIS = YES;
				CLANG_WARN_STRICT_PROTOTYPES = YES;
				CLANG_WARN_SUSPICIOUS_MOVE = YES;
				CLANG_WARN_UNGUARDED_AVAILABILITY = YES_AGGRESSIVE;
				CLANG_WARN_UNREACHABLE_CODE = YES;
				CLANG_WARN__DUPLICATE_METHOD_MATCH = YES;
				COPY_PHASE_STRIP = NO;
				DEBUG_INFORMATION_FORMAT = dwarf;
				ENABLE_STRICT_OBJC_MSGSEND = YES;
				ENABLE_TESTABILITY = YES;
				GCC_C_LANGUAGE_STANDARD = gnu11;
				GCC_DYNAMIC_NO_PIC = NO;
				GCC_NO_COMMON_BLOCKS = YES;
				GCC_OPTIMIZATION_LEVEL = 0;
				GCC_PREPROCESSOR_DEFINITIONS = (
					"DEBUG=1",
					"$(inherited)",
				);
				GCC_WARN_64_TO_32_BIT_CONVERSION = YES;
				GCC_WARN_ABOUT_RETURN_TYPE = YES_ERROR;
				GCC_WARN_UNDECLARED_SELECTOR = YES;
				GCC_WARN_UNINITIALIZED_AUTOS = YES_AGGRESSIVE;
				GCC_WARN_UNUSED_FUNCTION = YES;
				GCC_WARN_UNUSED_VARIABLE = YES;
				IPHONEOS_DEPLOYMENT_TARGET = 14.1;
				MTL_ENABLE_DEBUG_INFO = INCLUDE_SOURCE;
				MTL_FAST_MATH = YES;
				ONLY_ACTIVE_ARCH = YES;
				SDKROOT = iphoneos;
				SWIFT_ACTIVE_COMPILATION_CONDITIONS = DEBUG;
				SWIFT_OPTIMIZATION_LEVEL = "-Onone";
			};
			name = Debug;
		};
		886DD84D2567956C0025559B /* Release */ = {
			isa = XCBuildConfiguration;
			buildSettings = {
				ALWAYS_SEARCH_USER_PATHS = NO;
				CLANG_ANALYZER_NONNULL = YES;
				CLANG_ANALYZER_NUMBER_OBJECT_CONVERSION = YES_AGGRESSIVE;
				CLANG_CXX_LANGUAGE_STANDARD = "gnu++14";
				CLANG_CXX_LIBRARY = "libc++";
				CLANG_ENABLE_MODULES = YES;
				CLANG_ENABLE_OBJC_ARC = YES;
				CLANG_ENABLE_OBJC_WEAK = YES;
				CLANG_WARN_BLOCK_CAPTURE_AUTORELEASING = YES;
				CLANG_WARN_BOOL_CONVERSION = YES;
				CLANG_WARN_COMMA = YES;
				CLANG_WARN_CONSTANT_CONVERSION = YES;
				CLANG_WARN_DEPRECATED_OBJC_IMPLEMENTATIONS = YES;
				CLANG_WARN_DIRECT_OBJC_ISA_USAGE = YES_ERROR;
				CLANG_WARN_DOCUMENTATION_COMMENTS = YES;
				CLANG_WARN_EMPTY_BODY = YES;
				CLANG_WARN_ENUM_CONVERSION = YES;
				CLANG_WARN_INFINITE_RECURSION = YES;
				CLANG_WARN_INT_CONVERSION = YES;
				CLANG_WARN_NON_LITERAL_NULL_CONVERSION = YES;
				CLANG_WARN_OBJC_IMPLICIT_RETAIN_SELF = YES;
				CLANG_WARN_OBJC_LITERAL_CONVERSION = YES;
				CLANG_WARN_OBJC_ROOT_CLASS = YES_ERROR;
				CLANG_WARN_QUOTED_INCLUDE_IN_FRAMEWORK_HEADER = YES;
				CLANG_WARN_RANGE_LOOP_ANALYSIS = YES;
				CLANG_WARN_STRICT_PROTOTYPES = YES;
				CLANG_WARN_SUSPICIOUS_MOVE = YES;
				CLANG_WARN_UNGUARDED_AVAILABILITY = YES_AGGRESSIVE;
				CLANG_WARN_UNREACHABLE_CODE = YES;
				CLANG_WARN__DUPLICATE_METHOD_MATCH = YES;
				COPY_PHASE_STRIP = NO;
				DEBUG_INFORMATION_FORMAT = "dwarf-with-dsym";
				ENABLE_NS_ASSERTIONS = NO;
				ENABLE_STRICT_OBJC_MSGSEND = YES;
				GCC_C_LANGUAGE_STANDARD = gnu11;
				GCC_NO_COMMON_BLOCKS = YES;
				GCC_WARN_64_TO_32_BIT_CONVERSION = YES;
				GCC_WARN_ABOUT_RETURN_TYPE = YES_ERROR;
				GCC_WARN_UNDECLARED_SELECTOR = YES;
				GCC_WARN_UNINITIALIZED_AUTOS = YES_AGGRESSIVE;
				GCC_WARN_UNUSED_FUNCTION = YES;
				GCC_WARN_UNUSED_VARIABLE = YES;
				IPHONEOS_DEPLOYMENT_TARGET = 14.1;
				MTL_ENABLE_DEBUG_INFO = NO;
				MTL_FAST_MATH = YES;
				SDKROOT = iphoneos;
				SWIFT_COMPILATION_MODE = wholemodule;
				SWIFT_OPTIMIZATION_LEVEL = "-O";
				VALIDATE_PRODUCT = YES;
			};
			name = Release;
		};
		886DD84F2567956C0025559B /* Debug */ = {
			isa = XCBuildConfiguration;
			buildSettings = {
				ASSETCATALOG_COMPILER_APPICON_NAME = AppIcon;
				ASSETCATALOG_COMPILER_GLOBAL_ACCENT_COLOR_NAME = AccentColor;
				CODE_SIGN_STYLE = Automatic;
				DEVELOPMENT_TEAM = 9G68P5M492;
				INFOPLIST_FILE = "LayoutSubviews vc layoutIfNeeded/Info.plist";
				LD_RUNPATH_SEARCH_PATHS = (
					"$(inherited)",
					"@executable_path/Frameworks",
				);
				PRODUCT_BUNDLE_IDENTIFIER = "com.lagarnas.LayoutSubviews-vc-layoutIfNeeded";
				PRODUCT_NAME = "$(TARGET_NAME)";
				SWIFT_VERSION = 5.0;
				TARGETED_DEVICE_FAMILY = "1,2";
			};
			name = Debug;
		};
		886DD8502567956C0025559B /* Release */ = {
			isa = XCBuildConfiguration;
			buildSettings = {
				ASSETCATALOG_COMPILER_APPICON_NAME = AppIcon;
				ASSETCATALOG_COMPILER_GLOBAL_ACCENT_COLOR_NAME = AccentColor;
				CODE_SIGN_STYLE = Automatic;
				DEVELOPMENT_TEAM = 9G68P5M492;
				INFOPLIST_FILE = "LayoutSubviews vc layoutIfNeeded/Info.plist";
				LD_RUNPATH_SEARCH_PATHS = (
					"$(inherited)",
					"@executable_path/Frameworks",
				);
				PRODUCT_BUNDLE_IDENTIFIER = "com.lagarnas.LayoutSubviews-vc-layoutIfNeeded";
				PRODUCT_NAME = "$(TARGET_NAME)";
				SWIFT_VERSION = 5.0;
				TARGETED_DEVICE_FAMILY = "1,2";
			};
			name = Release;
		};
/* End XCBuildConfiguration section */

/* Begin XCConfigurationList section */
		886DD835256795670025559B /* Build configuration list for PBXProject "LayoutSubviews vc layoutIfNeeded" */ = {
			isa = XCConfigurationList;
			buildConfigurations = (
				886DD84C2567956C0025559B /* Debug */,
				886DD84D2567956C0025559B /* Release */,
			);
			defaultConfigurationIsVisible = 0;
			defaultConfigurationName = Release;
		};
		886DD84E2567956C0025559B /* Build configuration list for PBXNativeTarget "LayoutSubviews vc layoutIfNeeded" */ = {
			isa = XCConfigurationList;
			buildConfigurations = (
				886DD84F2567956C0025559B /* Debug */,
				886DD8502567956C0025559B /* Release */,
			);
			defaultConfigurationIsVisible = 0;
			defaultConfigurationName = Release;
		};
/* End XCConfigurationList section */
	};
	rootObject = 886DD832256795670025559B /* Project object */;
}
